// !$*UTF8*$!
{
	archiveVersion = 1;
	classes = {
	};
	objectVersion = 56;
	objects = {

/* Begin PBXBuildFile section */
		6109B7432A0D683C00C46EF0 /* TabBarController.swift in Sources */ = {isa = PBXBuildFile; fileRef = 6109B7422A0D683C00C46EF0 /* TabBarController.swift */; };
		6109B7452A0D6A2C00C46EF0 /* StatisticsViewController.swift in Sources */ = {isa = PBXBuildFile; fileRef = 6109B7442A0D6A2C00C46EF0 /* StatisticsViewController.swift */; };
		613A87B72A0EC0170077D517 /* TrackersCell.swift in Sources */ = {isa = PBXBuildFile; fileRef = 613A87B62A0EC0170077D517 /* TrackersCell.swift */; };
		613B25BC2A2A369B00DB355F /* HabitCreationViewController.swift in Sources */ = {isa = PBXBuildFile; fileRef = 613B25BB2A2A369B00DB355F /* HabitCreationViewController.swift */; };
		613B25BE2A2A3E8B00DB355F /* TextFieldWithPadding.swift in Sources */ = {isa = PBXBuildFile; fileRef = 613B25BD2A2A3E8B00DB355F /* TextFieldWithPadding.swift */; };
		613B25C22A2A684700DB355F /* EventCreationViewController.swift in Sources */ = {isa = PBXBuildFile; fileRef = 613B25C12A2A684700DB355F /* EventCreationViewController.swift */; };
		6142AA4B2A2924970050A19A /* Tracker.swift in Sources */ = {isa = PBXBuildFile; fileRef = 6142AA4A2A2924970050A19A /* Tracker.swift */; };
		61A6FCD92A25409900587799 /* TrackersHeaders.swift in Sources */ = {isa = PBXBuildFile; fileRef = 61A6FCD82A25409900587799 /* TrackersHeaders.swift */; };
		61B76AEC2A292A2F00A98644 /* TrackersCreationViewController.swift in Sources */ = {isa = PBXBuildFile; fileRef = 61B76AEB2A292A2F00A98644 /* TrackersCreationViewController.swift */; };
		61DC94EB2A1D50FE0012B292 /* TrackersNavigationContoller.swift in Sources */ = {isa = PBXBuildFile; fileRef = 61DC94EA2A1D50FE0012B292 /* TrackersNavigationContoller.swift */; };
		61F2D50429F6F69A005C5386 /* AppDelegate.swift in Sources */ = {isa = PBXBuildFile; fileRef = 61F2D50329F6F69A005C5386 /* AppDelegate.swift */; };
		61F2D50629F6F69A005C5386 /* SceneDelegate.swift in Sources */ = {isa = PBXBuildFile; fileRef = 61F2D50529F6F69A005C5386 /* SceneDelegate.swift */; };
		61F2D50829F6F69A005C5386 /* TrackersViewController.swift in Sources */ = {isa = PBXBuildFile; fileRef = 61F2D50729F6F69A005C5386 /* TrackersViewController.swift */; };
		61F2D50B29F6F69A005C5386 /* Main.storyboard in Resources */ = {isa = PBXBuildFile; fileRef = 61F2D50929F6F69A005C5386 /* Main.storyboard */; };
		61F2D50D29F6F69A005C5386 /* Assets.xcassets in Resources */ = {isa = PBXBuildFile; fileRef = 61F2D50C29F6F69A005C5386 /* Assets.xcassets */; };
		61F2D51029F6F69A005C5386 /* LaunchScreen.storyboard in Resources */ = {isa = PBXBuildFile; fileRef = 61F2D50E29F6F69A005C5386 /* LaunchScreen.storyboard */; };
		61F2D5832A0C32C4005C5386 /* UIColor.swift in Sources */ = {isa = PBXBuildFile; fileRef = 61F2D5822A0C32C4005C5386 /* UIColor.swift */; };
/* End PBXBuildFile section */

/* Begin PBXFileReference section */
		6109B7422A0D683C00C46EF0 /* TabBarController.swift */ = {isa = PBXFileReference; lastKnownFileType = sourcecode.swift; path = TabBarController.swift; sourceTree = "<group>"; };
		6109B7442A0D6A2C00C46EF0 /* StatisticsViewController.swift */ = {isa = PBXFileReference; lastKnownFileType = sourcecode.swift; path = StatisticsViewController.swift; sourceTree = "<group>"; };
		613A87B62A0EC0170077D517 /* TrackersCell.swift */ = {isa = PBXFileReference; lastKnownFileType = sourcecode.swift; path = TrackersCell.swift; sourceTree = "<group>"; };
		613B25BB2A2A369B00DB355F /* HabitCreationViewController.swift */ = {isa = PBXFileReference; lastKnownFileType = sourcecode.swift; path = HabitCreationViewController.swift; sourceTree = "<group>"; };
		613B25BD2A2A3E8B00DB355F /* TextFieldWithPadding.swift */ = {isa = PBXFileReference; lastKnownFileType = sourcecode.swift; path = TextFieldWithPadding.swift; sourceTree = "<group>"; };
		613B25C12A2A684700DB355F /* EventCreationViewController.swift */ = {isa = PBXFileReference; lastKnownFileType = sourcecode.swift; path = EventCreationViewController.swift; sourceTree = "<group>"; };
		6142AA4A2A2924970050A19A /* Tracker.swift */ = {isa = PBXFileReference; lastKnownFileType = sourcecode.swift; path = Tracker.swift; sourceTree = "<group>"; };
		61A6FCD82A25409900587799 /* TrackersHeaders.swift */ = {isa = PBXFileReference; lastKnownFileType = sourcecode.swift; path = TrackersHeaders.swift; sourceTree = "<group>"; };
		61B76AEB2A292A2F00A98644 /* TrackersCreationViewController.swift */ = {isa = PBXFileReference; lastKnownFileType = sourcecode.swift; path = TrackersCreationViewController.swift; sourceTree = "<group>"; };
		61DC94EA2A1D50FE0012B292 /* TrackersNavigationContoller.swift */ = {isa = PBXFileReference; lastKnownFileType = sourcecode.swift; path = TrackersNavigationContoller.swift; sourceTree = "<group>"; };
		61F2D50029F6F69A005C5386 /* Tracker.app */ = {isa = PBXFileReference; explicitFileType = wrapper.application; includeInIndex = 0; path = Tracker.app; sourceTree = BUILT_PRODUCTS_DIR; };
		61F2D50329F6F69A005C5386 /* AppDelegate.swift */ = {isa = PBXFileReference; lastKnownFileType = sourcecode.swift; path = AppDelegate.swift; sourceTree = "<group>"; };
		61F2D50529F6F69A005C5386 /* SceneDelegate.swift */ = {isa = PBXFileReference; lastKnownFileType = sourcecode.swift; path = SceneDelegate.swift; sourceTree = "<group>"; };
		61F2D50729F6F69A005C5386 /* TrackersViewController.swift */ = {isa = PBXFileReference; lastKnownFileType = sourcecode.swift; path = TrackersViewController.swift; sourceTree = "<group>"; };
		61F2D50A29F6F69A005C5386 /* Base */ = {isa = PBXFileReference; lastKnownFileType = file.storyboard; name = Base; path = Base.lproj/Main.storyboard; sourceTree = "<group>"; };
		61F2D50C29F6F69A005C5386 /* Assets.xcassets */ = {isa = PBXFileReference; lastKnownFileType = folder.assetcatalog; path = Assets.xcassets; sourceTree = "<group>"; };
		61F2D50F29F6F69A005C5386 /* Base */ = {isa = PBXFileReference; lastKnownFileType = file.storyboard; name = Base; path = Base.lproj/LaunchScreen.storyboard; sourceTree = "<group>"; };
		61F2D51129F6F69A005C5386 /* Info.plist */ = {isa = PBXFileReference; lastKnownFileType = text.plist.xml; path = Info.plist; sourceTree = "<group>"; };
		61F2D5822A0C32C4005C5386 /* UIColor.swift */ = {isa = PBXFileReference; lastKnownFileType = sourcecode.swift; path = UIColor.swift; sourceTree = "<group>"; };
/* End PBXFileReference section */

/* Begin PBXFrameworksBuildPhase section */
		61F2D4FD29F6F69A005C5386 /* Frameworks */ = {
			isa = PBXFrameworksBuildPhase;
			buildActionMask = 2147483647;
			files = (
			);
			runOnlyForDeploymentPostprocessing = 0;
		};
/* End PBXFrameworksBuildPhase section */

/* Begin PBXGroup section */
		61A6FCD62A25402100587799 /* Trackers */ = {
			isa = PBXGroup;
			children = (
				61DC94EA2A1D50FE0012B292 /* TrackersNavigationContoller.swift */,
				61F2D50729F6F69A005C5386 /* TrackersViewController.swift */,
				613A87B62A0EC0170077D517 /* TrackersCell.swift */,
				61A6FCD82A25409900587799 /* TrackersHeaders.swift */,
				6142AA4A2A2924970050A19A /* Tracker.swift */,
			);
			path = Trackers;
			sourceTree = "<group>";
		};
		61A6FCD72A25406600587799 /* Statistics */ = {
			isa = PBXGroup;
			children = (
				6109B7442A0D6A2C00C46EF0 /* StatisticsViewController.swift */,
			);
			path = Statistics;
			sourceTree = "<group>";
		};
		61B76AEA2A2929F200A98644 /* TrackersCreation */ = {
			isa = PBXGroup;
			children = (
				61B76AEB2A292A2F00A98644 /* TrackersCreationViewController.swift */,
				613B25BB2A2A369B00DB355F /* HabitCreationViewController.swift */,
				613B25C12A2A684700DB355F /* EventCreationViewController.swift */,
			);
			path = TrackersCreation;
			sourceTree = "<group>";
		};
		61F2D4F729F6F69A005C5386 = {
			isa = PBXGroup;
			children = (
				61F2D50229F6F69A005C5386 /* Tracker */,
				61F2D50129F6F69A005C5386 /* Products */,
			);
			sourceTree = "<group>";
		};
		61F2D50129F6F69A005C5386 /* Products */ = {
			isa = PBXGroup;
			children = (
				61F2D50029F6F69A005C5386 /* Tracker.app */,
			);
			name = Products;
			sourceTree = "<group>";
		};
		61F2D50229F6F69A005C5386 /* Tracker */ = {
			isa = PBXGroup;
			children = (
				61F2D50329F6F69A005C5386 /* AppDelegate.swift */,
				61F2D50529F6F69A005C5386 /* SceneDelegate.swift */,
				6109B7422A0D683C00C46EF0 /* TabBarController.swift */,
				61A6FCD62A25402100587799 /* Trackers */,
				61B76AEA2A2929F200A98644 /* TrackersCreation */,
				61A6FCD72A25406600587799 /* Statistics */,
				61F2D5812A0C32A0005C5386 /* Helpers */,
				61F2D50929F6F69A005C5386 /* Main.storyboard */,
				61F2D50C29F6F69A005C5386 /* Assets.xcassets */,
				61F2D50E29F6F69A005C5386 /* LaunchScreen.storyboard */,
				61F2D51129F6F69A005C5386 /* Info.plist */,
			);
			path = Tracker;
			sourceTree = "<group>";
		};
		61F2D5812A0C32A0005C5386 /* Helpers */ = {
			isa = PBXGroup;
			children = (
				61F2D5822A0C32C4005C5386 /* UIColor.swift */,
				613B25BD2A2A3E8B00DB355F /* TextFieldWithPadding.swift */,
			);
			path = Helpers;
			sourceTree = "<group>";
		};
/* End PBXGroup section */

/* Begin PBXNativeTarget section */
		61F2D4FF29F6F69A005C5386 /* Tracker */ = {
			isa = PBXNativeTarget;
			buildConfigurationList = 61F2D51429F6F69A005C5386 /* Build configuration list for PBXNativeTarget "Tracker" */;
			buildPhases = (
				61F2D4FC29F6F69A005C5386 /* Sources */,
				61F2D4FD29F6F69A005C5386 /* Frameworks */,
				61F2D4FE29F6F69A005C5386 /* Resources */,
			);
			buildRules = (
			);
			dependencies = (
			);
			name = Tracker;
			productName = Tracker;
			productReference = 61F2D50029F6F69A005C5386 /* Tracker.app */;
			productType = "com.apple.product-type.application";
		};
/* End PBXNativeTarget section */

/* Begin PBXProject section */
		61F2D4F829F6F69A005C5386 /* Project object */ = {
			isa = PBXProject;
			attributes = {
				BuildIndependentTargetsInParallel = 1;
				LastSwiftUpdateCheck = 1420;
				LastUpgradeCheck = 1420;
				TargetAttributes = {
					61F2D4FF29F6F69A005C5386 = {
						CreatedOnToolsVersion = 14.2;
					};
				};
			};
			buildConfigurationList = 61F2D4FB29F6F69A005C5386 /* Build configuration list for PBXProject "Tracker" */;
			compatibilityVersion = "Xcode 14.0";
			developmentRegion = en;
			hasScannedForEncodings = 0;
			knownRegions = (
				en,
				Base,
			);
			mainGroup = 61F2D4F729F6F69A005C5386;
			productRefGroup = 61F2D50129F6F69A005C5386 /* Products */;
			projectDirPath = "";
			projectRoot = "";
			targets = (
				61F2D4FF29F6F69A005C5386 /* Tracker */,
			);
		};
/* End PBXProject section */

/* Begin PBXResourcesBuildPhase section */
		61F2D4FE29F6F69A005C5386 /* Resources */ = {
			isa = PBXResourcesBuildPhase;
			buildActionMask = 2147483647;
			files = (
				61F2D51029F6F69A005C5386 /* LaunchScreen.storyboard in Resources */,
				61F2D50D29F6F69A005C5386 /* Assets.xcassets in Resources */,
				61F2D50B29F6F69A005C5386 /* Main.storyboard in Resources */,
			);
			runOnlyForDeploymentPostprocessing = 0;
		};
/* End PBXResourcesBuildPhase section */

/* Begin PBXSourcesBuildPhase section */
		61F2D4FC29F6F69A005C5386 /* Sources */ = {
			isa = PBXSourcesBuildPhase;
			buildActionMask = 2147483647;
			files = (
				61F2D50829F6F69A005C5386 /* TrackersViewController.swift in Sources */,
				613A87B72A0EC0170077D517 /* TrackersCell.swift in Sources */,
				6142AA4B2A2924970050A19A /* Tracker.swift in Sources */,
				61A6FCD92A25409900587799 /* TrackersHeaders.swift in Sources */,
				613B25C22A2A684700DB355F /* EventCreationViewController.swift in Sources */,
				613B25BE2A2A3E8B00DB355F /* TextFieldWithPadding.swift in Sources */,
				61F2D50429F6F69A005C5386 /* AppDelegate.swift in Sources */,
				61F2D50629F6F69A005C5386 /* SceneDelegate.swift in Sources */,
				6109B7452A0D6A2C00C46EF0 /* StatisticsViewController.swift in Sources */,
				6109B7432A0D683C00C46EF0 /* TabBarController.swift in Sources */,
				61F2D5832A0C32C4005C5386 /* UIColor.swift in Sources */,
				61DC94EB2A1D50FE0012B292 /* TrackersNavigationContoller.swift in Sources */,
				61B76AEC2A292A2F00A98644 /* TrackersCreationViewController.swift in Sources */,
				613B25BC2A2A369B00DB355F /* HabitCreationViewController.swift in Sources */,
			);
			runOnlyForDeploymentPostprocessing = 0;
		};
/* End PBXSourcesBuildPhase section */

/* Begin PBXVariantGroup section */
		61F2D50929F6F69A005C5386 /* Main.storyboard */ = {
			isa = PBXVariantGroup;
			children = (
				61F2D50A29F6F69A005C5386 /* Base */,
			);
			name = Main.storyboard;
			sourceTree = "<group>";
		};
		61F2D50E29F6F69A005C5386 /* LaunchScreen.storyboard */ = {
			isa = PBXVariantGroup;
			children = (
				61F2D50F29F6F69A005C5386 /* Base */,
			);
			name = LaunchScreen.storyboard;
			sourceTree = "<group>";
		};
/* End PBXVariantGroup section */

/* Begin XCBuildConfiguration section */
		61F2D51229F6F69A005C5386 /* Debug */ = {
			isa = XCBuildConfiguration;
			buildSettings = {
				ALWAYS_SEARCH_USER_PATHS = NO;
				CLANG_ANALYZER_NONNULL = YES;
				CLANG_ANALYZER_NUMBER_OBJECT_CONVERSION = YES_AGGRESSIVE;
				CLANG_CXX_LANGUAGE_STANDARD = "gnu++20";
				CLANG_ENABLE_MODULES = YES;
				CLANG_ENABLE_OBJC_ARC = YES;
				CLANG_ENABLE_OBJC_WEAK = YES;
				CLANG_WARN_BLOCK_CAPTURE_AUTORELEASING = YES;
				CLANG_WARN_BOOL_CONVERSION = YES;
				CLANG_WARN_COMMA = YES;
				CLANG_WARN_CONSTANT_CONVERSION = YES;
				CLANG_WARN_DEPRECATED_OBJC_IMPLEMENTATIONS = YES;
				CLANG_WARN_DIRECT_OBJC_ISA_USAGE = YES_ERROR;
				CLANG_WARN_DOCUMENTATION_COMMENTS = YES;
				CLANG_WARN_EMPTY_BODY = YES;
				CLANG_WARN_ENUM_CONVERSION = YES;
				CLANG_WARN_INFINITE_RECURSION = YES;
				CLANG_WARN_INT_CONVERSION = YES;
				CLANG_WARN_NON_LITERAL_NULL_CONVERSION = YES;
				CLANG_WARN_OBJC_IMPLICIT_RETAIN_SELF = YES;
				CLANG_WARN_OBJC_LITERAL_CONVERSION = YES;
				CLANG_WARN_OBJC_ROOT_CLASS = YES_ERROR;
				CLANG_WARN_QUOTED_INCLUDE_IN_FRAMEWORK_HEADER = YES;
				CLANG_WARN_RANGE_LOOP_ANALYSIS = YES;
				CLANG_WARN_STRICT_PROTOTYPES = YES;
				CLANG_WARN_SUSPICIOUS_MOVE = YES;
				CLANG_WARN_UNGUARDED_AVAILABILITY = YES_AGGRESSIVE;
				CLANG_WARN_UNREACHABLE_CODE = YES;
				CLANG_WARN__DUPLICATE_METHOD_MATCH = YES;
				COPY_PHASE_STRIP = NO;
				DEBUG_INFORMATION_FORMAT = dwarf;
				ENABLE_STRICT_OBJC_MSGSEND = YES;
				ENABLE_TESTABILITY = YES;
				GCC_C_LANGUAGE_STANDARD = gnu11;
				GCC_DYNAMIC_NO_PIC = NO;
				GCC_NO_COMMON_BLOCKS = YES;
				GCC_OPTIMIZATION_LEVEL = 0;
				GCC_PREPROCESSOR_DEFINITIONS = (
					"DEBUG=1",
					"$(inherited)",
				);
				GCC_WARN_64_TO_32_BIT_CONVERSION = YES;
				GCC_WARN_ABOUT_RETURN_TYPE = YES_ERROR;
				GCC_WARN_UNDECLARED_SELECTOR = YES;
				GCC_WARN_UNINITIALIZED_AUTOS = YES_AGGRESSIVE;
				GCC_WARN_UNUSED_FUNCTION = YES;
				GCC_WARN_UNUSED_VARIABLE = YES;
				IPHONEOS_DEPLOYMENT_TARGET = 16.2;
				MTL_ENABLE_DEBUG_INFO = INCLUDE_SOURCE;
				MTL_FAST_MATH = YES;
				ONLY_ACTIVE_ARCH = YES;
				SDKROOT = iphoneos;
				SWIFT_ACTIVE_COMPILATION_CONDITIONS = DEBUG;
				SWIFT_OPTIMIZATION_LEVEL = "-Onone";
			};
			name = Debug;
		};
		61F2D51329F6F69A005C5386 /* Release */ = {
			isa = XCBuildConfiguration;
			buildSettings = {
				ALWAYS_SEARCH_USER_PATHS = NO;
				CLANG_ANALYZER_NONNULL = YES;
				CLANG_ANALYZER_NUMBER_OBJECT_CONVERSION = YES_AGGRESSIVE;
				CLANG_CXX_LANGUAGE_STANDARD = "gnu++20";
				CLANG_ENABLE_MODULES = YES;
				CLANG_ENABLE_OBJC_ARC = YES;
				CLANG_ENABLE_OBJC_WEAK = YES;
				CLANG_WARN_BLOCK_CAPTURE_AUTORELEASING = YES;
				CLANG_WARN_BOOL_CONVERSION = YES;
				CLANG_WARN_COMMA = YES;
				CLANG_WARN_CONSTANT_CONVERSION = YES;
				CLANG_WARN_DEPRECATED_OBJC_IMPLEMENTATIONS = YES;
				CLANG_WARN_DIRECT_OBJC_ISA_USAGE = YES_ERROR;
				CLANG_WARN_DOCUMENTATION_COMMENTS = YES;
				CLANG_WARN_EMPTY_BODY = YES;
				CLANG_WARN_ENUM_CONVERSION = YES;
				CLANG_WARN_INFINITE_RECURSION = YES;
				CLANG_WARN_INT_CONVERSION = YES;
				CLANG_WARN_NON_LITERAL_NULL_CONVERSION = YES;
				CLANG_WARN_OBJC_IMPLICIT_RETAIN_SELF = YES;
				CLANG_WARN_OBJC_LITERAL_CONVERSION = YES;
				CLANG_WARN_OBJC_ROOT_CLASS = YES_ERROR;
				CLANG_WARN_QUOTED_INCLUDE_IN_FRAMEWORK_HEADER = YES;
				CLANG_WARN_RANGE_LOOP_ANALYSIS = YES;
				CLANG_WARN_STRICT_PROTOTYPES = YES;
				CLANG_WARN_SUSPICIOUS_MOVE = YES;
				CLANG_WARN_UNGUARDED_AVAILABILITY = YES_AGGRESSIVE;
				CLANG_WARN_UNREACHABLE_CODE = YES;
				CLANG_WARN__DUPLICATE_METHOD_MATCH = YES;
				COPY_PHASE_STRIP = NO;
				DEBUG_INFORMATION_FORMAT = "dwarf-with-dsym";
				ENABLE_NS_ASSERTIONS = NO;
				ENABLE_STRICT_OBJC_MSGSEND = YES;
				GCC_C_LANGUAGE_STANDARD = gnu11;
				GCC_NO_COMMON_BLOCKS = YES;
				GCC_WARN_64_TO_32_BIT_CONVERSION = YES;
				GCC_WARN_ABOUT_RETURN_TYPE = YES_ERROR;
				GCC_WARN_UNDECLARED_SELECTOR = YES;
				GCC_WARN_UNINITIALIZED_AUTOS = YES_AGGRESSIVE;
				GCC_WARN_UNUSED_FUNCTION = YES;
				GCC_WARN_UNUSED_VARIABLE = YES;
				IPHONEOS_DEPLOYMENT_TARGET = 16.2;
				MTL_ENABLE_DEBUG_INFO = NO;
				MTL_FAST_MATH = YES;
				SDKROOT = iphoneos;
				SWIFT_COMPILATION_MODE = wholemodule;
				SWIFT_OPTIMIZATION_LEVEL = "-O";
				VALIDATE_PRODUCT = YES;
			};
			name = Release;
		};
		61F2D51529F6F69A005C5386 /* Debug */ = {
			isa = XCBuildConfiguration;
			buildSettings = {
				ASSETCATALOG_COMPILER_APPICON_NAME = AppIcon;
				ASSETCATALOG_COMPILER_GLOBAL_ACCENT_COLOR_NAME = AccentColor;
				CODE_SIGN_STYLE = Automatic;
				CURRENT_PROJECT_VERSION = 1;
				DEVELOPMENT_TEAM = 4VR9A25JG8;
				GENERATE_INFOPLIST_FILE = YES;
				INFOPLIST_FILE = Tracker/Info.plist;
				INFOPLIST_KEY_UIApplicationSupportsIndirectInputEvents = YES;
				INFOPLIST_KEY_UILaunchStoryboardName = LaunchScreen.storyboard;
				INFOPLIST_KEY_UIMainStoryboardFile = Main;
				INFOPLIST_KEY_UISupportedInterfaceOrientations = UIInterfaceOrientationPortrait;
				INFOPLIST_KEY_UISupportedInterfaceOrientations_iPad = UIInterfaceOrientationLandscapeLeft;
				IPHONEOS_DEPLOYMENT_TARGET = 13.4;
				LD_RUNPATH_SEARCH_PATHS = (
					"$(inherited)",
					"@executable_path/Frameworks",
				);
				MARKETING_VERSION = 1.0;
				PRODUCT_BUNDLE_IDENTIFIER = ru.shishmakovaDaria.practicum.Tracker;
				PRODUCT_NAME = "$(TARGET_NAME)";
				SUPPORTED_PLATFORMS = "iphoneos iphonesimulator";
				SUPPORTS_MACCATALYST = NO;
				SUPPORTS_MAC_DESIGNED_FOR_IPHONE_IPAD = NO;
				SWIFT_EMIT_LOC_STRINGS = YES;
				SWIFT_VERSION = 5.0;
				TARGETED_DEVICE_FAMILY = 1;
			};
			name = Debug;
		};
		61F2D51629F6F69A005C5386 /* Release */ = {
			isa = XCBuildConfiguration;
			buildSettings = {
				ASSETCATALOG_COMPILER_APPICON_NAME = AppIcon;
				ASSETCATALOG_COMPILER_GLOBAL_ACCENT_COLOR_NAME = AccentColor;
				CODE_SIGN_STYLE = Automatic;
				CURRENT_PROJECT_VERSION = 1;
				DEVELOPMENT_TEAM = 4VR9A25JG8;
				GENERATE_INFOPLIST_FILE = YES;
				INFOPLIST_FILE = Tracker/Info.plist;
				INFOPLIST_KEY_UIApplicationSupportsIndirectInputEvents = YES;
				INFOPLIST_KEY_UILaunchStoryboardName = LaunchScreen.storyboard;
				INFOPLIST_KEY_UIMainStoryboardFile = Main;
				INFOPLIST_KEY_UISupportedInterfaceOrientations = UIInterfaceOrientationPortrait;
				INFOPLIST_KEY_UISupportedInterfaceOrientations_iPad = UIInterfaceOrientationLandscapeLeft;
				IPHONEOS_DEPLOYMENT_TARGET = 13.4;
				LD_RUNPATH_SEARCH_PATHS = (
					"$(inherited)",
					"@executable_path/Frameworks",
				);
				MARKETING_VERSION = 1.0;
				PRODUCT_BUNDLE_IDENTIFIER = ru.shishmakovaDaria.practicum.Tracker;
				PRODUCT_NAME = "$(TARGET_NAME)";
				SUPPORTED_PLATFORMS = "iphoneos iphonesimulator";
				SUPPORTS_MACCATALYST = NO;
				SUPPORTS_MAC_DESIGNED_FOR_IPHONE_IPAD = NO;
				SWIFT_EMIT_LOC_STRINGS = YES;
				SWIFT_VERSION = 5.0;
				TARGETED_DEVICE_FAMILY = 1;
			};
			name = Release;
		};
/* End XCBuildConfiguration section */

/* Begin XCConfigurationList section */
		61F2D4FB29F6F69A005C5386 /* Build configuration list for PBXProject "Tracker" */ = {
			isa = XCConfigurationList;
			buildConfigurations = (
				61F2D51229F6F69A005C5386 /* Debug */,
				61F2D51329F6F69A005C5386 /* Release */,
			);
			defaultConfigurationIsVisible = 0;
			defaultConfigurationName = Release;
		};
		61F2D51429F6F69A005C5386 /* Build configuration list for PBXNativeTarget "Tracker" */ = {
			isa = XCConfigurationList;
			buildConfigurations = (
				61F2D51529F6F69A005C5386 /* Debug */,
				61F2D51629F6F69A005C5386 /* Release */,
			);
			defaultConfigurationIsVisible = 0;
			defaultConfigurationName = Release;
		};
/* End XCConfigurationList section */
	};
	rootObject = 61F2D4F829F6F69A005C5386 /* Project object */;
}
